
Microsoft Visual Studio Solution File, Format Version 12.00
# Visual Studio Version 17
VisualStudioVersion = 17.10.35013.160
MinimumVisualStudioVersion = 10.0.40219.1
Project("{FAE04EC0-301F-11D3-BF4B-00C04F79EFBC}") = "DVLD_PresentationLayer", "DVLD_PresentationLayer.csproj", "{7CCEAD98-C93A-45FC-A8E9-FF3C3B2E9FE9}"
EndProject
Project("{FAE04EC0-301F-11D3-BF4B-00C04F79EFBC}") = "DVLD_DataAccessLayer", "..\DVLD_DataAccessLayer\DVLD_DataAccessLayer.csproj", "{F1DF7F86-B6A2-4E07-8D90-5F8FF6ADCAE5}"
EndProject
Project("{FAE04EC0-301F-11D3-BF4B-00C04F79EFBC}") = "DVLD_BusinessLayer", "..\DVLD_BusinessLayer\DVLD_BusinessLayer.csproj", "{4E76CC56-8D8E-4EE9-BF10-D5CB94976218}"
EndProject
Global
	GlobalSection(SolutionConfigurationPlatforms) = preSolution
		Debug|Any CPU = Debug|Any CPU
		Release|Any CPU = Release|Any CPU
	EndGlobalSection
	GlobalSection(ProjectConfigurationPlatforms) = postSolution
		{7CCEAD98-C93A-45FC-A8E9-FF3C3B2E9FE9}.Debug|Any CPU.ActiveCfg = Debug|Any CPU
		{7CCEAD98-C93A-45FC-A8E9-FF3C3B2E9FE9}.Debug|Any CPU.Build.0 = Debug|Any CPU
		{7CCEAD98-C93A-45FC-A8E9-FF3C3B2E9FE9}.Release|Any CPU.ActiveCfg = Release|Any CPU
		{7CCEAD98-C93A-45FC-A8E9-FF3C3B2E9FE9}.Release|Any CPU.Build.0 = Release|Any CPU
		{F1DF7F86-B6A2-4E07-8D90-5F8FF6ADCAE5}.Debug|Any CPU.ActiveCfg = Debug|Any CPU
		{F1DF7F86-B6A2-4E07-8D90-5F8FF6ADCAE5}.Debug|Any CPU.Build.0 = Debug|Any CPU
		{F1DF7F86-B6A2-4E07-8D90-5F8FF6ADCAE5}.Release|Any CPU.ActiveCfg = Release|Any CPU
		{F1DF7F86-B6A2-4E07-8D90-5F8FF6ADCAE5}.Release|Any CPU.Build.0 = Release|Any CPU
		{4E76CC56-8D8E-4EE9-BF10-D5CB94976218}.Debug|Any CPU.ActiveCfg = Debug|Any CPU
		{4E76CC56-8D8E-4EE9-BF10-D5CB94976218}.Debug|Any CPU.Build.0 = Debug|Any CPU
		{4E76CC56-8D8E-4EE9-BF10-D5CB94976218}.Release|Any CPU.ActiveCfg = Release|Any CPU
		{4E76CC56-8D8E-4EE9-BF10-D5CB94976218}.Release|Any CPU.Build.0 = Release|Any CPU
	EndGlobalSection
	GlobalSection(SolutionProperties) = preSolution
		HideSolutionNode = FALSE
	EndGlobalSection
	GlobalSection(ExtensibilityGlobals) = postSolution
		SolutionGuid = {13B43D19-93CB-422C-85DE-BB344F810DC0}
	EndGlobalSection
EndGlobal
